
Microsoft Visual Studio Solution File, Format Version 12.00
# Visual Studio 15
VisualStudioVersion = 15.0.28307.852
MinimumVisualStudioVersion = 10.0.40219.1
Project("{9A19103F-16F7-4668-BE54-9A1E7A4F7556}") = "SAAS", "SAAS\SAAS.csproj", "{0FDED50F-8AFC-403E-9738-9E37D45D7830}"
EndProject
Project("{9A19103F-16F7-4668-BE54-9A1E7A4F7556}") = "Optimizely.Poc", "Optimizely.Poc\Optimizely.Poc.csproj", "{194D694D-9581-4B16-A03A-3FFB9CD2E8CE}"
EndProject
Global
	GlobalSection(SolutionConfigurationPlatforms) = preSolution
		Debug|Any CPU = Debug|Any CPU
		Release|Any CPU = Release|Any CPU
	EndGlobalSection
	GlobalSection(ProjectConfigurationPlatforms) = postSolution
		{0FDED50F-8AFC-403E-9738-9E37D45D7830}.Debug|Any CPU.ActiveCfg = Debug|Any CPU
		{0FDED50F-8AFC-403E-9738-9E37D45D7830}.Debug|Any CPU.Build.0 = Debug|Any CPU
		{0FDED50F-8AFC-403E-9738-9E37D45D7830}.Release|Any CPU.ActiveCfg = Release|Any CPU
		{0FDED50F-8AFC-403E-9738-9E37D45D7830}.Release|Any CPU.Build.0 = Release|Any CPU
		{194D694D-9581-4B16-A03A-3FFB9CD2E8CE}.Debug|Any CPU.ActiveCfg = Debug|Any CPU
		{194D694D-9581-4B16-A03A-3FFB9CD2E8CE}.Debug|Any CPU.Build.0 = Debug|Any CPU
		{194D694D-9581-4B16-A03A-3FFB9CD2E8CE}.Release|Any CPU.ActiveCfg = Release|Any CPU
		{194D694D-9581-4B16-A03A-3FFB9CD2E8CE}.Release|Any CPU.Build.0 = Release|Any CPU
	EndGlobalSection
	GlobalSection(SolutionProperties) = preSolution
		HideSolutionNode = FALSE
	EndGlobalSection
	GlobalSection(ExtensibilityGlobals) = postSolution
		SolutionGuid = {92160ECF-4AE7-46F5-BFA7-DAC8CE22D4A8}
	EndGlobalSection
EndGlobal
